
Microsoft Visual Studio Solution File, Format Version 12.00
# Visual Studio Version 16
VisualStudioVersion = 16.0.30503.244
MinimumVisualStudioVersion = 10.0.40219.1
Project("{FAE04EC0-301F-11D3-BF4B-00C04F79EFBC}") = "DEVPROG_DEMO_01.UWP", "DEVPROG_DEMO_01.UWP\DEVPROG_DEMO_01.UWP.csproj", "{08E9B743-00E7-4B4A-9D9A-81A20D1630A3}"
EndProject
Project("{FAE04EC0-301F-11D3-BF4B-00C04F79EFBC}") = "DEVPROG_DEMO_01.Android", "DEVPROG_DEMO_01.Android\DEVPROG_DEMO_01.Android.csproj", "{4B6D5F7C-A618-425A-9785-78BD7A4C533E}"
EndProject
Project("{FAE04EC0-301F-11D3-BF4B-00C04F79EFBC}") = "DEVPROG_DEMO_01", "DEVPROG_DEMO_01\DEVPROG_DEMO_01.csproj", "{62ADF5BD-9B90-4850-B811-903BAB562A2B}"
EndProject
Global
	GlobalSection(SolutionConfigurationPlatforms) = preSolution
		Debug|Any CPU = Debug|Any CPU
		Debug|ARM = Debug|ARM
		Debug|x64 = Debug|x64
		Debug|x86 = Debug|x86
		Release|Any CPU = Release|Any CPU
		Release|ARM = Release|ARM
		Release|x64 = Release|x64
		Release|x86 = Release|x86
	EndGlobalSection
	GlobalSection(ProjectConfigurationPlatforms) = postSolution
		{08E9B743-00E7-4B4A-9D9A-81A20D1630A3}.Debug|Any CPU.ActiveCfg = Debug|x86
		{08E9B743-00E7-4B4A-9D9A-81A20D1630A3}.Debug|Any CPU.Build.0 = Debug|x86
		{08E9B743-00E7-4B4A-9D9A-81A20D1630A3}.Debug|Any CPU.Deploy.0 = Debug|x86
		{08E9B743-00E7-4B4A-9D9A-81A20D1630A3}.Debug|ARM.ActiveCfg = Debug|ARM
		{08E9B743-00E7-4B4A-9D9A-81A20D1630A3}.Debug|ARM.Build.0 = Debug|ARM
		{08E9B743-00E7-4B4A-9D9A-81A20D1630A3}.Debug|ARM.Deploy.0 = Debug|ARM
		{08E9B743-00E7-4B4A-9D9A-81A20D1630A3}.Debug|x64.ActiveCfg = Debug|x64
		{08E9B743-00E7-4B4A-9D9A-81A20D1630A3}.Debug|x64.Build.0 = Debug|x64
		{08E9B743-00E7-4B4A-9D9A-81A20D1630A3}.Debug|x64.Deploy.0 = Debug|x64
		{08E9B743-00E7-4B4A-9D9A-81A20D1630A3}.Debug|x86.ActiveCfg = Debug|x86
		{08E9B743-00E7-4B4A-9D9A-81A20D1630A3}.Debug|x86.Build.0 = Debug|x86
		{08E9B743-00E7-4B4A-9D9A-81A20D1630A3}.Debug|x86.Deploy.0 = Debug|x86
		{08E9B743-00E7-4B4A-9D9A-81A20D1630A3}.Release|Any CPU.ActiveCfg = Release|x86
		{08E9B743-00E7-4B4A-9D9A-81A20D1630A3}.Release|Any CPU.Build.0 = Release|x86
		{08E9B743-00E7-4B4A-9D9A-81A20D1630A3}.Release|Any CPU.Deploy.0 = Release|x86
		{08E9B743-00E7-4B4A-9D9A-81A20D1630A3}.Release|ARM.ActiveCfg = Release|ARM
		{08E9B743-00E7-4B4A-9D9A-81A20D1630A3}.Release|ARM.Build.0 = Release|ARM
		{08E9B743-00E7-4B4A-9D9A-81A20D1630A3}.Release|ARM.Deploy.0 = Release|ARM
		{08E9B743-00E7-4B4A-9D9A-81A20D1630A3}.Release|x64.ActiveCfg = Release|x64
		{08E9B743-00E7-4B4A-9D9A-81A20D1630A3}.Release|x64.Build.0 = Release|x64
		{08E9B743-00E7-4B4A-9D9A-81A20D1630A3}.Release|x64.Deploy.0 = Release|x64
		{08E9B743-00E7-4B4A-9D9A-81A20D1630A3}.Release|x86.ActiveCfg = Release|x86
		{08E9B743-00E7-4B4A-9D9A-81A20D1630A3}.Release|x86.Build.0 = Release|x86
		{08E9B743-00E7-4B4A-9D9A-81A20D1630A3}.Release|x86.Deploy.0 = Release|x86
		{4B6D5F7C-A618-425A-9785-78BD7A4C533E}.Debug|Any CPU.ActiveCfg = Debug|Any CPU
		{4B6D5F7C-A618-425A-9785-78BD7A4C533E}.Debug|Any CPU.Build.0 = Debug|Any CPU
		{4B6D5F7C-A618-425A-9785-78BD7A4C533E}.Debug|Any CPU.Deploy.0 = Debug|Any CPU
		{4B6D5F7C-A618-425A-9785-78BD7A4C533E}.Debug|ARM.ActiveCfg = Debug|Any CPU
		{4B6D5F7C-A618-425A-9785-78BD7A4C533E}.Debug|ARM.Build.0 = Debug|Any CPU
		{4B6D5F7C-A618-425A-9785-78BD7A4C533E}.Debug|ARM.Deploy.0 = Debug|Any CPU
		{4B6D5F7C-A618-425A-9785-78BD7A4C533E}.Debug|x64.ActiveCfg = Debug|Any CPU
		{4B6D5F7C-A618-425A-9785-78BD7A4C533E}.Debug|x64.Build.0 = Debug|Any CPU
		{4B6D5F7C-A618-425A-9785-78BD7A4C533E}.Debug|x64.Deploy.0 = Debug|Any CPU
		{4B6D5F7C-A618-425A-9785-78BD7A4C533E}.Debug|x86.ActiveCfg = Debug|Any CPU
		{4B6D5F7C-A618-425A-9785-78BD7A4C533E}.Debug|x86.Build.0 = Debug|Any CPU
		{4B6D5F7C-A618-425A-9785-78BD7A4C533E}.Debug|x86.Deploy.0 = Debug|Any CPU
		{4B6D5F7C-A618-425A-9785-78BD7A4C533E}.Release|Any CPU.ActiveCfg = Release|Any CPU
		{4B6D5F7C-A618-425A-9785-78BD7A4C533E}.Release|Any CPU.Build.0 = Release|Any CPU
		{4B6D5F7C-A618-425A-9785-78BD7A4C533E}.Release|Any CPU.Deploy.0 = Release|Any CPU
		{4B6D5F7C-A618-425A-9785-78BD7A4C533E}.Release|ARM.ActiveCfg = Release|Any CPU
		{4B6D5F7C-A618-425A-9785-78BD7A4C533E}.Release|ARM.Build.0 = Release|Any CPU
		{4B6D5F7C-A618-425A-9785-78BD7A4C533E}.Release|ARM.Deploy.0 = Release|Any CPU
		{4B6D5F7C-A618-425A-9785-78BD7A4C533E}.Release|x64.ActiveCfg = Release|Any CPU
		{4B6D5F7C-A618-425A-9785-78BD7A4C533E}.Release|x64.Build.0 = Release|Any CPU
		{4B6D5F7C-A618-425A-9785-78BD7A4C533E}.Release|x64.Deploy.0 = Release|Any CPU
		{4B6D5F7C-A618-425A-9785-78BD7A4C533E}.Release|x86.ActiveCfg = Release|Any CPU
		{4B6D5F7C-A618-425A-9785-78BD7A4C533E}.Release|x86.Build.0 = Release|Any CPU
		{4B6D5F7C-A618-425A-9785-78BD7A4C533E}.Release|x86.Deploy.0 = Release|Any CPU
		{62ADF5BD-9B90-4850-B811-903BAB562A2B}.Debug|Any CPU.ActiveCfg = Debug|Any CPU
		{62ADF5BD-9B90-4850-B811-903BAB562A2B}.Debug|Any CPU.Build.0 = Debug|Any CPU
		{62ADF5BD-9B90-4850-B811-903BAB562A2B}.Debug|Any CPU.Deploy.0 = Debug|Any CPU
		{62ADF5BD-9B90-4850-B811-903BAB562A2B}.Debug|ARM.ActiveCfg = Debug|Any CPU
		{62ADF5BD-9B90-4850-B811-903BAB562A2B}.Debug|ARM.Build.0 = Debug|Any CPU
		{62ADF5BD-9B90-4850-B811-903BAB562A2B}.Debug|ARM.Deploy.0 = Debug|Any CPU
		{62ADF5BD-9B90-4850-B811-903BAB562A2B}.Debug|x64.ActiveCfg = Debug|Any CPU
		{62ADF5BD-9B90-4850-B811-903BAB562A2B}.Debug|x64.Build.0 = Debug|Any CPU
		{62ADF5BD-9B90-4850-B811-903BAB562A2B}.Debug|x64.Deploy.0 = Debug|Any CPU
		{62ADF5BD-9B90-4850-B811-903BAB562A2B}.Debug|x86.ActiveCfg = Debug|Any CPU
		{62ADF5BD-9B90-4850-B811-903BAB562A2B}.Debug|x86.Build.0 = Debug|Any CPU
		{62ADF5BD-9B90-4850-B811-903BAB562A2B}.Debug|x86.Deploy.0 = Debug|Any CPU
		{62ADF5BD-9B90-4850-B811-903BAB562A2B}.Release|Any CPU.ActiveCfg = Release|Any CPU
		{62ADF5BD-9B90-4850-B811-903BAB562A2B}.Release|Any CPU.Build.0 = Release|Any CPU
		{62ADF5BD-9B90-4850-B811-903BAB562A2B}.Release|Any CPU.Deploy.0 = Release|Any CPU
		{62ADF5BD-9B90-4850-B811-903BAB562A2B}.Release|ARM.ActiveCfg = Release|Any CPU
		{62ADF5BD-9B90-4850-B811-903BAB562A2B}.Release|ARM.Build.0 = Release|Any CPU
		{62ADF5BD-9B90-4850-B811-903BAB562A2B}.Release|ARM.Deploy.0 = Release|Any CPU
		{62ADF5BD-9B90-4850-B811-903BAB562A2B}.Release|x64.ActiveCfg = Release|Any CPU
		{62ADF5BD-9B90-4850-B811-903BAB562A2B}.Release|x64.Build.0 = Release|Any CPU
		{62ADF5BD-9B90-4850-B811-903BAB562A2B}.Release|x64.Deploy.0 = Release|Any CPU
		{62ADF5BD-9B90-4850-B811-903BAB562A2B}.Release|x86.ActiveCfg = Release|Any CPU
		{62ADF5BD-9B90-4850-B811-903BAB562A2B}.Release|x86.Build.0 = Release|Any CPU
		{62ADF5BD-9B90-4850-B811-903BAB562A2B}.Release|x86.Deploy.0 = Release|Any CPU
	EndGlobalSection
	GlobalSection(SolutionProperties) = preSolution
		HideSolutionNode = FALSE
	EndGlobalSection
	GlobalSection(ExtensibilityGlobals) = postSolution
		SolutionGuid = {6C4CC96D-3F1F-44AE-A60F-0020486585D4}
	EndGlobalSection
EndGlobal
